
Microsoft Visual Studio Solution File, Format Version 12.00
# Visual Studio Version 16
VisualStudioVersion = 16.0.31911.196
MinimumVisualStudioVersion = 10.0.40219.1
Project("{FAE04EC0-301F-11D3-BF4B-00C04F79EFBC}") = "14121isp", "14121isp\14121isp.csproj", "{5DC3F331-2192-49EB-AAA2-3467D7C207FD}"
EndProject
Global
	GlobalSection(SolutionConfigurationPlatforms) = preSolution
		Debug|Any CPU = Debug|Any CPU
		Release|Any CPU = Release|Any CPU
	EndGlobalSection
	GlobalSection(ProjectConfigurationPlatforms) = postSolution
		{5DC3F331-2192-49EB-AAA2-3467D7C207FD}.Debug|Any CPU.ActiveCfg = Debug|Any CPU
		{5DC3F331-2192-49EB-AAA2-3467D7C207FD}.Debug|Any CPU.Build.0 = Debug|Any CPU
		{5DC3F331-2192-49EB-AAA2-3467D7C207FD}.Release|Any CPU.ActiveCfg = Release|Any CPU
		{5DC3F331-2192-49EB-AAA2-3467D7C207FD}.Release|Any CPU.Build.0 = Release|Any CPU
	EndGlobalSection
	GlobalSection(SolutionProperties) = preSolution
		HideSolutionNode = FALSE
	EndGlobalSection
	GlobalSection(ExtensibilityGlobals) = postSolution
		SolutionGuid = {DE68649E-22B1-4E8E-A3AE-E73A61F45AAE}
	EndGlobalSection
EndGlobal
